// !$*UTF8*$!
{
	archiveVersion = 1;
	classes = {
	};
	objectVersion = 56;
	objects = {

/* Begin PBXBuildFile section */
		0A3E87292AC1DFAC0059EC17 /* AppDelegate.swift in Sources */ = {isa = PBXBuildFile; fileRef = 0A3E87282AC1DFAC0059EC17 /* AppDelegate.swift */; };
		0A3E872B2AC1DFAC0059EC17 /* SceneDelegate.swift in Sources */ = {isa = PBXBuildFile; fileRef = 0A3E872A2AC1DFAC0059EC17 /* SceneDelegate.swift */; };
		0A3E87322AC1DFAD0059EC17 /* Assets.xcassets in Resources */ = {isa = PBXBuildFile; fileRef = 0A3E87312AC1DFAD0059EC17 /* Assets.xcassets */; };
		0A3E873E2AC1DFEC0059EC17 /* CategoriesTableViewController.swift in Sources */ = {isa = PBXBuildFile; fileRef = 0A3E873D2AC1DFEC0059EC17 /* CategoriesTableViewController.swift */; };
		0A3E87412AC1E3490059EC17 /* StoreHTTPClient.swift in Sources */ = {isa = PBXBuildFile; fileRef = 0A3E87402AC1E3490059EC17 /* StoreHTTPClient.swift */; };
		0A3E87452AC1E3AD0059EC17 /* Category.swift in Sources */ = {isa = PBXBuildFile; fileRef = 0A3E87442AC1E3AD0059EC17 /* Category.swift */; };
		0A3E87482AC1E66C0059EC17 /* URL+Extensions.swift in Sources */ = {isa = PBXBuildFile; fileRef = 0A3E87472AC1E66C0059EC17 /* URL+Extensions.swift */; };
		0A3E874A2AC1EE8A0059EC17 /* Product.swift in Sources */ = {isa = PBXBuildFile; fileRef = 0A3E87492AC1EE8A0059EC17 /* Product.swift */; };
		0A3E874C2AC1F1950059EC17 /* ProductsTableViewController.swift in Sources */ = {isa = PBXBuildFile; fileRef = 0A3E874B2AC1F1950059EC17 /* ProductsTableViewController.swift */; };
		0A3E874F2AC1F6B80059EC17 /* ProductCellView.swift in Sources */ = {isa = PBXBuildFile; fileRef = 0A3E874E2AC1F6B80059EC17 /* ProductCellView.swift */; };
		0A3E87512AC1F9240059EC17 /* Locale+Extensions.swift in Sources */ = {isa = PBXBuildFile; fileRef = 0A3E87502AC1F9240059EC17 /* Locale+Extensions.swift */; };
/* End PBXBuildFile section */

/* Begin PBXFileReference section */
		0A3E87252AC1DFAC0059EC17 /* StoreApp.app */ = {isa = PBXFileReference; explicitFileType = wrapper.application; includeInIndex = 0; path = StoreApp.app; sourceTree = BUILT_PRODUCTS_DIR; };
		0A3E87282AC1DFAC0059EC17 /* AppDelegate.swift */ = {isa = PBXFileReference; lastKnownFileType = sourcecode.swift; path = AppDelegate.swift; sourceTree = "<group>"; };
		0A3E872A2AC1DFAC0059EC17 /* SceneDelegate.swift */ = {isa = PBXFileReference; lastKnownFileType = sourcecode.swift; path = SceneDelegate.swift; sourceTree = "<group>"; };
		0A3E87312AC1DFAD0059EC17 /* Assets.xcassets */ = {isa = PBXFileReference; lastKnownFileType = folder.assetcatalog; path = Assets.xcassets; sourceTree = "<group>"; };
		0A3E87362AC1DFAD0059EC17 /* Info.plist */ = {isa = PBXFileReference; lastKnownFileType = text.plist.xml; path = Info.plist; sourceTree = "<group>"; };
		0A3E873D2AC1DFEC0059EC17 /* CategoriesTableViewController.swift */ = {isa = PBXFileReference; lastKnownFileType = sourcecode.swift; path = CategoriesTableViewController.swift; sourceTree = "<group>"; };
		0A3E87402AC1E3490059EC17 /* StoreHTTPClient.swift */ = {isa = PBXFileReference; lastKnownFileType = sourcecode.swift; path = StoreHTTPClient.swift; sourceTree = "<group>"; };
		0A3E87442AC1E3AD0059EC17 /* Category.swift */ = {isa = PBXFileReference; lastKnownFileType = sourcecode.swift; path = Category.swift; sourceTree = "<group>"; };
		0A3E87472AC1E66C0059EC17 /* URL+Extensions.swift */ = {isa = PBXFileReference; lastKnownFileType = sourcecode.swift; path = "URL+Extensions.swift"; sourceTree = "<group>"; };
		0A3E87492AC1EE8A0059EC17 /* Product.swift */ = {isa = PBXFileReference; lastKnownFileType = sourcecode.swift; path = Product.swift; sourceTree = "<group>"; };
		0A3E874B2AC1F1950059EC17 /* ProductsTableViewController.swift */ = {isa = PBXFileReference; lastKnownFileType = sourcecode.swift; path = ProductsTableViewController.swift; sourceTree = "<group>"; };
		0A3E874E2AC1F6B80059EC17 /* ProductCellView.swift */ = {isa = PBXFileReference; lastKnownFileType = sourcecode.swift; path = ProductCellView.swift; sourceTree = "<group>"; };
		0A3E87502AC1F9240059EC17 /* Locale+Extensions.swift */ = {isa = PBXFileReference; lastKnownFileType = sourcecode.swift; path = "Locale+Extensions.swift"; sourceTree = "<group>"; };
/* End PBXFileReference section */

/* Begin PBXFrameworksBuildPhase section */
		0A3E87222AC1DFAC0059EC17 /* Frameworks */ = {
			isa = PBXFrameworksBuildPhase;
			buildActionMask = 2147483647;
			files = (
			);
			runOnlyForDeploymentPostprocessing = 0;
		};
/* End PBXFrameworksBuildPhase section */

/* Begin PBXGroup section */
		0A3E871C2AC1DFAC0059EC17 = {
			isa = PBXGroup;
			children = (
				0A3E87272AC1DFAC0059EC17 /* StoreApp */,
				0A3E87262AC1DFAC0059EC17 /* Products */,
			);
			sourceTree = "<group>";
		};
		0A3E87262AC1DFAC0059EC17 /* Products */ = {
			isa = PBXGroup;
			children = (
				0A3E87252AC1DFAC0059EC17 /* StoreApp.app */,
			);
			name = Products;
			sourceTree = "<group>";
		};
		0A3E87272AC1DFAC0059EC17 /* StoreApp */ = {
			isa = PBXGroup;
			children = (
				0A3E874D2AC1F6A40059EC17 /* Views */,
				0A3E87462AC1E6410059EC17 /* Extensions */,
				0A3E87422AC1E38A0059EC17 /* Models */,
				0A3E873F2AC1E3310059EC17 /* Clients */,
				0A3E873C2AC1DFCD0059EC17 /* ViewControllers */,
				0A3E87282AC1DFAC0059EC17 /* AppDelegate.swift */,
				0A3E872A2AC1DFAC0059EC17 /* SceneDelegate.swift */,
				0A3E87312AC1DFAD0059EC17 /* Assets.xcassets */,
				0A3E87362AC1DFAD0059EC17 /* Info.plist */,
			);
			path = StoreApp;
			sourceTree = "<group>";
		};
		0A3E873C2AC1DFCD0059EC17 /* ViewControllers */ = {
			isa = PBXGroup;
			children = (
				0A3E873D2AC1DFEC0059EC17 /* CategoriesTableViewController.swift */,
				0A3E874B2AC1F1950059EC17 /* ProductsTableViewController.swift */,
			);
			path = ViewControllers;
			sourceTree = "<group>";
		};
		0A3E873F2AC1E3310059EC17 /* Clients */ = {
			isa = PBXGroup;
			children = (
				0A3E87402AC1E3490059EC17 /* StoreHTTPClient.swift */,
			);
			path = Clients;
			sourceTree = "<group>";
		};
		0A3E87422AC1E38A0059EC17 /* Models */ = {
			isa = PBXGroup;
			children = (
				0A3E87442AC1E3AD0059EC17 /* Category.swift */,
				0A3E87492AC1EE8A0059EC17 /* Product.swift */,
			);
			path = Models;
			sourceTree = "<group>";
		};
		0A3E87462AC1E6410059EC17 /* Extensions */ = {
			isa = PBXGroup;
			children = (
				0A3E87472AC1E66C0059EC17 /* URL+Extensions.swift */,
				0A3E87502AC1F9240059EC17 /* Locale+Extensions.swift */,
			);
			path = Extensions;
			sourceTree = "<group>";
		};
		0A3E874D2AC1F6A40059EC17 /* Views */ = {
			isa = PBXGroup;
			children = (
				0A3E874E2AC1F6B80059EC17 /* ProductCellView.swift */,
			);
			path = Views;
			sourceTree = "<group>";
		};
/* End PBXGroup section */

/* Begin PBXNativeTarget section */
		0A3E87242AC1DFAC0059EC17 /* StoreApp */ = {
			isa = PBXNativeTarget;
			buildConfigurationList = 0A3E87392AC1DFAD0059EC17 /* Build configuration list for PBXNativeTarget "StoreApp" */;
			buildPhases = (
				0A3E87212AC1DFAC0059EC17 /* Sources */,
				0A3E87222AC1DFAC0059EC17 /* Frameworks */,
				0A3E87232AC1DFAC0059EC17 /* Resources */,
			);
			buildRules = (
			);
			dependencies = (
			);
			name = StoreApp;
			productName = StoreApp;
			productReference = 0A3E87252AC1DFAC0059EC17 /* StoreApp.app */;
			productType = "com.apple.product-type.application";
		};
/* End PBXNativeTarget section */

/* Begin PBXProject section */
		0A3E871D2AC1DFAC0059EC17 /* Project object */ = {
			isa = PBXProject;
			attributes = {
				BuildIndependentTargetsInParallel = 1;
				LastSwiftUpdateCheck = 1500;
				LastUpgradeCheck = 1500;
				TargetAttributes = {
					0A3E87242AC1DFAC0059EC17 = {
						CreatedOnToolsVersion = 15.0;
					};
				};
			};
			buildConfigurationList = 0A3E87202AC1DFAC0059EC17 /* Build configuration list for PBXProject "StoreApp" */;
			compatibilityVersion = "Xcode 14.0";
			developmentRegion = en;
			hasScannedForEncodings = 0;
			knownRegions = (
				en,
				Base,
			);
			mainGroup = 0A3E871C2AC1DFAC0059EC17;
			productRefGroup = 0A3E87262AC1DFAC0059EC17 /* Products */;
			projectDirPath = "";
			projectRoot = "";
			targets = (
				0A3E87242AC1DFAC0059EC17 /* StoreApp */,
			);
		};
/* End PBXProject section */

/* Begin PBXResourcesBuildPhase section */
		0A3E87232AC1DFAC0059EC17 /* Resources */ = {
			isa = PBXResourcesBuildPhase;
			buildActionMask = 2147483647;
			files = (
				0A3E87322AC1DFAD0059EC17 /* Assets.xcassets in Resources */,
			);
			runOnlyForDeploymentPostprocessing = 0;
		};
/* End PBXResourcesBuildPhase section */

/* Begin PBXSourcesBuildPhase section */
		0A3E87212AC1DFAC0059EC17 /* Sources */ = {
			isa = PBXSourcesBuildPhase;
			buildActionMask = 2147483647;
			files = (
				0A3E87412AC1E3490059EC17 /* StoreHTTPClient.swift in Sources */,
				0A3E874F2AC1F6B80059EC17 /* ProductCellView.swift in Sources */,
				0A3E87482AC1E66C0059EC17 /* URL+Extensions.swift in Sources */,
				0A3E87452AC1E3AD0059EC17 /* Category.swift in Sources */,
				0A3E87292AC1DFAC0059EC17 /* AppDelegate.swift in Sources */,
				0A3E872B2AC1DFAC0059EC17 /* SceneDelegate.swift in Sources */,
				0A3E874C2AC1F1950059EC17 /* ProductsTableViewController.swift in Sources */,
				0A3E873E2AC1DFEC0059EC17 /* CategoriesTableViewController.swift in Sources */,
				0A3E874A2AC1EE8A0059EC17 /* Product.swift in Sources */,
				0A3E87512AC1F9240059EC17 /* Locale+Extensions.swift in Sources */,
			);
			runOnlyForDeploymentPostprocessing = 0;
		};
/* End PBXSourcesBuildPhase section */

/* Begin XCBuildConfiguration section */
		0A3E87372AC1DFAD0059EC17 /* Debug */ = {
			isa = XCBuildConfiguration;
			buildSettings = {
				ALWAYS_SEARCH_USER_PATHS = NO;
				ASSETCATALOG_COMPILER_GENERATE_SWIFT_ASSET_SYMBOL_EXTENSIONS = YES;
				CLANG_ANALYZER_NONNULL = YES;
				CLANG_ANALYZER_NUMBER_OBJECT_CONVERSION = YES_AGGRESSIVE;
				CLANG_CXX_LANGUAGE_STANDARD = "gnu++20";
				CLANG_ENABLE_MODULES = YES;
				CLANG_ENABLE_OBJC_ARC = YES;
				CLANG_ENABLE_OBJC_WEAK = YES;
				CLANG_WARN_BLOCK_CAPTURE_AUTORELEASING = YES;
				CLANG_WARN_BOOL_CONVERSION = YES;
				CLANG_WARN_COMMA = YES;
				CLANG_WARN_CONSTANT_CONVERSION = YES;
				CLANG_WARN_DEPRECATED_OBJC_IMPLEMENTATIONS = YES;
				CLANG_WARN_DIRECT_OBJC_ISA_USAGE = YES_ERROR;
				CLANG_WARN_DOCUMENTATION_COMMENTS = YES;
				CLANG_WARN_EMPTY_BODY = YES;
				CLANG_WARN_ENUM_CONVERSION = YES;
				CLANG_WARN_INFINITE_RECURSION = YES;
				CLANG_WARN_INT_CONVERSION = YES;
				CLANG_WARN_NON_LITERAL_NULL_CONVERSION = YES;
				CLANG_WARN_OBJC_IMPLICIT_RETAIN_SELF = YES;
				CLANG_WARN_OBJC_LITERAL_CONVERSION = YES;
				CLANG_WARN_OBJC_ROOT_CLASS = YES_ERROR;
				CLANG_WARN_QUOTED_INCLUDE_IN_FRAMEWORK_HEADER = YES;
				CLANG_WARN_RANGE_LOOP_ANALYSIS = YES;
				CLANG_WARN_STRICT_PROTOTYPES = YES;
				CLANG_WARN_SUSPICIOUS_MOVE = YES;
				CLANG_WARN_UNGUARDED_AVAILABILITY = YES_AGGRESSIVE;
				CLANG_WARN_UNREACHABLE_CODE = YES;
				CLANG_WARN__DUPLICATE_METHOD_MATCH = YES;
				COPY_PHASE_STRIP = NO;
				DEBUG_INFORMATION_FORMAT = dwarf;
				ENABLE_STRICT_OBJC_MSGSEND = YES;
				ENABLE_TESTABILITY = YES;
				ENABLE_USER_SCRIPT_SANDBOXING = YES;
				GCC_C_LANGUAGE_STANDARD = gnu17;
				GCC_DYNAMIC_NO_PIC = NO;
				GCC_NO_COMMON_BLOCKS = YES;
				GCC_OPTIMIZATION_LEVEL = 0;
				GCC_PREPROCESSOR_DEFINITIONS = (
					"DEBUG=1",
					"$(inherited)",
				);
				GCC_WARN_64_TO_32_BIT_CONVERSION = YES;
				GCC_WARN_ABOUT_RETURN_TYPE = YES_ERROR;
				GCC_WARN_UNDECLARED_SELECTOR = YES;
				GCC_WARN_UNINITIALIZED_AUTOS = YES_AGGRESSIVE;
				GCC_WARN_UNUSED_FUNCTION = YES;
				GCC_WARN_UNUSED_VARIABLE = YES;
				IPHONEOS_DEPLOYMENT_TARGET = 17.0;
				LOCALIZATION_PREFERS_STRING_CATALOGS = YES;
				MTL_ENABLE_DEBUG_INFO = INCLUDE_SOURCE;
				MTL_FAST_MATH = YES;
				ONLY_ACTIVE_ARCH = YES;
				SDKROOT = iphoneos;
				SWIFT_ACTIVE_COMPILATION_CONDITIONS = "DEBUG $(inherited)";
				SWIFT_OPTIMIZATION_LEVEL = "-Onone";
			};
			name = Debug;
		};
		0A3E87382AC1DFAD0059EC17 /* Release */ = {
			isa = XCBuildConfiguration;
			buildSettings = {
				ALWAYS_SEARCH_USER_PATHS = NO;
				ASSETCATALOG_COMPILER_GENERATE_SWIFT_ASSET_SYMBOL_EXTENSIONS = YES;
				CLANG_ANALYZER_NONNULL = YES;
				CLANG_ANALYZER_NUMBER_OBJECT_CONVERSION = YES_AGGRESSIVE;
				CLANG_CXX_LANGUAGE_STANDARD = "gnu++20";
				CLANG_ENABLE_MODULES = YES;
				CLANG_ENABLE_OBJC_ARC = YES;
				CLANG_ENABLE_OBJC_WEAK = YES;
				CLANG_WARN_BLOCK_CAPTURE_AUTORELEASING = YES;
				CLANG_WARN_BOOL_CONVERSION = YES;
				CLANG_WARN_COMMA = YES;
				CLANG_WARN_CONSTANT_CONVERSION = YES;
				CLANG_WARN_DEPRECATED_OBJC_IMPLEMENTATIONS = YES;
				CLANG_WARN_DIRECT_OBJC_ISA_USAGE = YES_ERROR;
				CLANG_WARN_DOCUMENTATION_COMMENTS = YES;
				CLANG_WARN_EMPTY_BODY = YES;
				CLANG_WARN_ENUM_CONVERSION = YES;
				CLANG_WARN_INFINITE_RECURSION = YES;
				CLANG_WARN_INT_CONVERSION = YES;
				CLANG_WARN_NON_LITERAL_NULL_CONVERSION = YES;
				CLANG_WARN_OBJC_IMPLICIT_RETAIN_SELF = YES;
				CLANG_WARN_OBJC_LITERAL_CONVERSION = YES;
				CLANG_WARN_OBJC_ROOT_CLASS = YES_ERROR;
				CLANG_WARN_QUOTED_INCLUDE_IN_FRAMEWORK_HEADER = YES;
				CLANG_WARN_RANGE_LOOP_ANALYSIS = YES;
				CLANG_WARN_STRICT_PROTOTYPES = YES;
				CLANG_WARN_SUSPICIOUS_MOVE = YES;
				CLANG_WARN_UNGUARDED_AVAILABILITY = YES_AGGRESSIVE;
				CLANG_WARN_UNREACHABLE_CODE = YES;
				CLANG_WARN__DUPLICATE_METHOD_MATCH = YES;
				COPY_PHASE_STRIP = NO;
				DEBUG_INFORMATION_FORMAT = "dwarf-with-dsym";
				ENABLE_NS_ASSERTIONS = NO;
				ENABLE_STRICT_OBJC_MSGSEND = YES;
				ENABLE_USER_SCRIPT_SANDBOXING = YES;
				GCC_C_LANGUAGE_STANDARD = gnu17;
				GCC_NO_COMMON_BLOCKS = YES;
				GCC_WARN_64_TO_32_BIT_CONVERSION = YES;
				GCC_WARN_ABOUT_RETURN_TYPE = YES_ERROR;
				GCC_WARN_UNDECLARED_SELECTOR = YES;
				GCC_WARN_UNINITIALIZED_AUTOS = YES_AGGRESSIVE;
				GCC_WARN_UNUSED_FUNCTION = YES;
				GCC_WARN_UNUSED_VARIABLE = YES;
				IPHONEOS_DEPLOYMENT_TARGET = 17.0;
				LOCALIZATION_PREFERS_STRING_CATALOGS = YES;
				MTL_ENABLE_DEBUG_INFO = NO;
				MTL_FAST_MATH = YES;
				SDKROOT = iphoneos;
				SWIFT_COMPILATION_MODE = wholemodule;
				VALIDATE_PRODUCT = YES;
			};
			name = Release;
		};
		0A3E873A2AC1DFAD0059EC17 /* Debug */ = {
			isa = XCBuildConfiguration;
			buildSettings = {
				ASSETCATALOG_COMPILER_APPICON_NAME = AppIcon;
				ASSETCATALOG_COMPILER_GLOBAL_ACCENT_COLOR_NAME = AccentColor;
				CODE_SIGN_STYLE = Automatic;
				CURRENT_PROJECT_VERSION = 1;
				GENERATE_INFOPLIST_FILE = YES;
				INFOPLIST_FILE = StoreApp/Info.plist;
				INFOPLIST_KEY_UIApplicationSupportsIndirectInputEvents = YES;
				INFOPLIST_KEY_UILaunchStoryboardName = LaunchScreen;
				INFOPLIST_KEY_UIMainStoryboardFile = "";
				INFOPLIST_KEY_UISupportedInterfaceOrientations_iPad = "UIInterfaceOrientationPortrait UIInterfaceOrientationPortraitUpsideDown UIInterfaceOrientationLandscapeLeft UIInterfaceOrientationLandscapeRight";
				INFOPLIST_KEY_UISupportedInterfaceOrientations_iPhone = "UIInterfaceOrientationPortrait UIInterfaceOrientationLandscapeLeft UIInterfaceOrientationLandscapeRight";
				LD_RUNPATH_SEARCH_PATHS = (
					"$(inherited)",
					"@executable_path/Frameworks",
				);
				MARKETING_VERSION = 1.0;
				PRODUCT_BUNDLE_IDENTIFIER = com.lucas.StoreApp;
				PRODUCT_NAME = "$(TARGET_NAME)";
				SWIFT_EMIT_LOC_STRINGS = YES;
				SWIFT_VERSION = 5.0;
				TARGETED_DEVICE_FAMILY = "1,2";
			};
			name = Debug;
		};
		0A3E873B2AC1DFAD0059EC17 /* Release */ = {
			isa = XCBuildConfiguration;
			buildSettings = {
				ASSETCATALOG_COMPILER_APPICON_NAME = AppIcon;
				ASSETCATALOG_COMPILER_GLOBAL_ACCENT_COLOR_NAME = AccentColor;
				CODE_SIGN_STYLE = Automatic;
				CURRENT_PROJECT_VERSION = 1;
				GENERATE_INFOPLIST_FILE = YES;
				INFOPLIST_FILE = StoreApp/Info.plist;
				INFOPLIST_KEY_UIApplicationSupportsIndirectInputEvents = YES;
				INFOPLIST_KEY_UILaunchStoryboardName = LaunchScreen;
				INFOPLIST_KEY_UIMainStoryboardFile = "";
				INFOPLIST_KEY_UISupportedInterfaceOrientations_iPad = "UIInterfaceOrientationPortrait UIInterfaceOrientationPortraitUpsideDown UIInterfaceOrientationLandscapeLeft UIInterfaceOrientationLandscapeRight";
				INFOPLIST_KEY_UISupportedInterfaceOrientations_iPhone = "UIInterfaceOrientationPortrait UIInterfaceOrientationLandscapeLeft UIInterfaceOrientationLandscapeRight";
				LD_RUNPATH_SEARCH_PATHS = (
					"$(inherited)",
					"@executable_path/Frameworks",
				);
				MARKETING_VERSION = 1.0;
				PRODUCT_BUNDLE_IDENTIFIER = com.lucas.StoreApp;
				PRODUCT_NAME = "$(TARGET_NAME)";
				SWIFT_EMIT_LOC_STRINGS = YES;
				SWIFT_VERSION = 5.0;
				TARGETED_DEVICE_FAMILY = "1,2";
			};
			name = Release;
		};
/* End XCBuildConfiguration section */

/* Begin XCConfigurationList section */
		0A3E87202AC1DFAC0059EC17 /* Build configuration list for PBXProject "StoreApp" */ = {
			isa = XCConfigurationList;
			buildConfigurations = (
				0A3E87372AC1DFAD0059EC17 /* Debug */,
				0A3E87382AC1DFAD0059EC17 /* Release */,
			);
			defaultConfigurationIsVisible = 0;
			defaultConfigurationName = Release;
		};
		0A3E87392AC1DFAD0059EC17 /* Build configuration list for PBXNativeTarget "StoreApp" */ = {
			isa = XCConfigurationList;
			buildConfigurations = (
				0A3E873A2AC1DFAD0059EC17 /* Debug */,
				0A3E873B2AC1DFAD0059EC17 /* Release */,
			);
			defaultConfigurationIsVisible = 0;
			defaultConfigurationName = Release;
		};
/* End XCConfigurationList section */
	};
	rootObject = 0A3E871D2AC1DFAC0059EC17 /* Project object */;
}
